
Microsoft Visual Studio Solution File, Format Version 12.00
# Visual Studio Version 17
VisualStudioVersion = 17.14.36518.9 d17.14
MinimumVisualStudioVersion = 10.0.40219.1
Project("{FAE04EC0-301F-11D3-BF4B-00C04F79EFBC}") = "AstreleTwitter.com", "AstreleTwitter.com.csproj", "{C83CCC6F-2AC9-43A9-A64D-E1FA772349CD}"
EndProject
Global
	GlobalSection(SolutionConfigurationPlatforms) = preSolution
		Debug|Any CPU = Debug|Any CPU
		Release|Any CPU = Release|Any CPU
	EndGlobalSection
	GlobalSection(ProjectConfigurationPlatforms) = postSolution
		{C83CCC6F-2AC9-43A9-A64D-E1FA772349CD}.Debug|Any CPU.ActiveCfg = Debug|Any CPU
		{C83CCC6F-2AC9-43A9-A64D-E1FA772349CD}.Debug|Any CPU.Build.0 = Debug|Any CPU
		{C83CCC6F-2AC9-43A9-A64D-E1FA772349CD}.Release|Any CPU.ActiveCfg = Release|Any CPU
		{C83CCC6F-2AC9-43A9-A64D-E1FA772349CD}.Release|Any CPU.Build.0 = Release|Any CPU
	EndGlobalSection
	GlobalSection(SolutionProperties) = preSolution
		HideSolutionNode = FALSE
	EndGlobalSection
	GlobalSection(ExtensibilityGlobals) = postSolution
		SolutionGuid = {3A030176-471F-44C2-8944-26F07624568B}
	EndGlobalSection
EndGlobal
